{
  "name": "random-phrases-vikings",
  "version": "1.0.0",
  "lockfileVersion": 2,
  "requires": true,
  "packages": {
    "": {
      "name": "random-phrases-vikings",
      "version": "1.0.0",
      "license": "MIT",
      "bin": {
        "random-prs-vikings": "bin/global.js"
      }
    }
  }
}
